
Microsoft Visual Studio Solution File, Format Version 12.00
# Visual Studio Version 17
VisualStudioVersion = 17.1.32421.90
MinimumVisualStudioVersion = 10.0.40219.1
Project("{FAE04EC0-301F-11D3-BF4B-00C04F79EFBC}") = "AkiChrono", "AkiChrono\AkiChrono.csproj", "{9FC22C80-D22E-4702-B145-D2C8F805ECB4}"
EndProject
Global
	GlobalSection(SolutionConfigurationPlatforms) = preSolution
		Debug|Any CPU = Debug|Any CPU
		Release|Any CPU = Release|Any CPU
	EndGlobalSection
	GlobalSection(ProjectConfigurationPlatforms) = postSolution
		{9FC22C80-D22E-4702-B145-D2C8F805ECB4}.Debug|Any CPU.ActiveCfg = Debug|Any CPU
		{9FC22C80-D22E-4702-B145-D2C8F805ECB4}.Debug|Any CPU.Build.0 = Debug|Any CPU
		{9FC22C80-D22E-4702-B145-D2C8F805ECB4}.Release|Any CPU.ActiveCfg = Release|Any CPU
		{9FC22C80-D22E-4702-B145-D2C8F805ECB4}.Release|Any CPU.Build.0 = Release|Any CPU
	EndGlobalSection
	GlobalSection(SolutionProperties) = preSolution
		HideSolutionNode = FALSE
	EndGlobalSection
	GlobalSection(ExtensibilityGlobals) = postSolution
		SolutionGuid = {F1F8F564-1B20-4F88-ADF6-195DBC5AF105}
	EndGlobalSection
EndGlobal
